// !$*UTF8*$!
{
	archiveVersion = 1;
	classes = {
	};
	objectVersion = 55;
	objects = {

/* Begin PBXBuildFile section */
		24507FD17C924914DEB65406 /* Pods_Circles.framework in Frameworks */ = {isa = PBXBuildFile; fileRef = D942DC498C7960BAA595BACF /* Pods_Circles.framework */; };
		BAAADD5028A9D7B3006C3BBF /* AppDelegate.swift in Sources */ = {isa = PBXBuildFile; fileRef = BAAADD4F28A9D7B3006C3BBF /* AppDelegate.swift */; };
		BAAADD5228A9D7B3006C3BBF /* SceneDelegate.swift in Sources */ = {isa = PBXBuildFile; fileRef = BAAADD5128A9D7B3006C3BBF /* SceneDelegate.swift */; };
		BAAADD5728A9D7B3006C3BBF /* Main.storyboard in Resources */ = {isa = PBXBuildFile; fileRef = BAAADD5528A9D7B3006C3BBF /* Main.storyboard */; };
		BAAADD5928A9D7B9006C3BBF /* Assets.xcassets in Resources */ = {isa = PBXBuildFile; fileRef = BAAADD5828A9D7B9006C3BBF /* Assets.xcassets */; };
		BAAADD5C28A9D7B9006C3BBF /* LaunchScreen.storyboard in Resources */ = {isa = PBXBuildFile; fileRef = BAAADD5A28A9D7B9006C3BBF /* LaunchScreen.storyboard */; };
		BAAADD6428A9D8C6006C3BBF /* LoginViewController.swift in Sources */ = {isa = PBXBuildFile; fileRef = BAAADD6328A9D8C6006C3BBF /* LoginViewController.swift */; };
		BAAADD6628A9D8D3006C3BBF /* SignUpViewController.swift in Sources */ = {isa = PBXBuildFile; fileRef = BAAADD6528A9D8D3006C3BBF /* SignUpViewController.swift */; };
		BAAADD6828A9D8DF006C3BBF /* DiscoverViewController.swift in Sources */ = {isa = PBXBuildFile; fileRef = BAAADD6728A9D8DF006C3BBF /* DiscoverViewController.swift */; };
		BAAADD6A28A9D8F1006C3BBF /* ProfileViewController.swift in Sources */ = {isa = PBXBuildFile; fileRef = BAAADD6928A9D8F1006C3BBF /* ProfileViewController.swift */; };
/* End PBXBuildFile section */

/* Begin PBXFileReference section */
		024881D511DD86A38A094949 /* Pods-Circles.release.xcconfig */ = {isa = PBXFileReference; includeInIndex = 1; lastKnownFileType = text.xcconfig; name = "Pods-Circles.release.xcconfig"; path = "Target Support Files/Pods-Circles/Pods-Circles.release.xcconfig"; sourceTree = "<group>"; };
		1A854B45E9EFD395E43E6413 /* Pods-Circles.debug.xcconfig */ = {isa = PBXFileReference; includeInIndex = 1; lastKnownFileType = text.xcconfig; name = "Pods-Circles.debug.xcconfig"; path = "Target Support Files/Pods-Circles/Pods-Circles.debug.xcconfig"; sourceTree = "<group>"; };
		BAAADD4C28A9D7B3006C3BBF /* Circles.app */ = {isa = PBXFileReference; explicitFileType = wrapper.application; includeInIndex = 0; path = Circles.app; sourceTree = BUILT_PRODUCTS_DIR; };
		BAAADD4F28A9D7B3006C3BBF /* AppDelegate.swift */ = {isa = PBXFileReference; lastKnownFileType = sourcecode.swift; path = AppDelegate.swift; sourceTree = "<group>"; };
		BAAADD5128A9D7B3006C3BBF /* SceneDelegate.swift */ = {isa = PBXFileReference; lastKnownFileType = sourcecode.swift; path = SceneDelegate.swift; sourceTree = "<group>"; };
		BAAADD5628A9D7B3006C3BBF /* Base */ = {isa = PBXFileReference; lastKnownFileType = file.storyboard; name = Base; path = Base.lproj/Main.storyboard; sourceTree = "<group>"; };
		BAAADD5828A9D7B9006C3BBF /* Assets.xcassets */ = {isa = PBXFileReference; lastKnownFileType = folder.assetcatalog; path = Assets.xcassets; sourceTree = "<group>"; };
		BAAADD5B28A9D7B9006C3BBF /* Base */ = {isa = PBXFileReference; lastKnownFileType = file.storyboard; name = Base; path = Base.lproj/LaunchScreen.storyboard; sourceTree = "<group>"; };
		BAAADD5D28A9D7B9006C3BBF /* Info.plist */ = {isa = PBXFileReference; lastKnownFileType = text.plist.xml; path = Info.plist; sourceTree = "<group>"; };
		BAAADD6328A9D8C6006C3BBF /* LoginViewController.swift */ = {isa = PBXFileReference; lastKnownFileType = sourcecode.swift; path = LoginViewController.swift; sourceTree = "<group>"; };
		BAAADD6528A9D8D3006C3BBF /* SignUpViewController.swift */ = {isa = PBXFileReference; lastKnownFileType = sourcecode.swift; path = SignUpViewController.swift; sourceTree = "<group>"; };
		BAAADD6728A9D8DF006C3BBF /* DiscoverViewController.swift */ = {isa = PBXFileReference; lastKnownFileType = sourcecode.swift; path = DiscoverViewController.swift; sourceTree = "<group>"; };
		BAAADD6928A9D8F1006C3BBF /* ProfileViewController.swift */ = {isa = PBXFileReference; lastKnownFileType = sourcecode.swift; path = ProfileViewController.swift; sourceTree = "<group>"; };
		D942DC498C7960BAA595BACF /* Pods_Circles.framework */ = {isa = PBXFileReference; explicitFileType = wrapper.framework; includeInIndex = 0; path = Pods_Circles.framework; sourceTree = BUILT_PRODUCTS_DIR; };
/* End PBXFileReference section */

/* Begin PBXFrameworksBuildPhase section */
		BAAADD4928A9D7B3006C3BBF /* Frameworks */ = {
			isa = PBXFrameworksBuildPhase;
			buildActionMask = 2147483647;
			files = (
				24507FD17C924914DEB65406 /* Pods_Circles.framework in Frameworks */,
			);
			runOnlyForDeploymentPostprocessing = 0;
		};
/* End PBXFrameworksBuildPhase section */

/* Begin PBXGroup section */
		304A762C13EE61E6A3E13C2A /* Pods */ = {
			isa = PBXGroup;
			children = (
				1A854B45E9EFD395E43E6413 /* Pods-Circles.debug.xcconfig */,
				024881D511DD86A38A094949 /* Pods-Circles.release.xcconfig */,
			);
			path = Pods;
			sourceTree = "<group>";
		};
		6225CEFFF5D551B2C7AAC295 /* Frameworks */ = {
			isa = PBXGroup;
			children = (
				D942DC498C7960BAA595BACF /* Pods_Circles.framework */,
			);
			name = Frameworks;
			sourceTree = "<group>";
		};
		BAAADD4328A9D7B3006C3BBF = {
			isa = PBXGroup;
			children = (
				BAAADD4E28A9D7B3006C3BBF /* Circles */,
				BAAADD4D28A9D7B3006C3BBF /* Products */,
				304A762C13EE61E6A3E13C2A /* Pods */,
				6225CEFFF5D551B2C7AAC295 /* Frameworks */,
			);
			sourceTree = "<group>";
		};
		BAAADD4D28A9D7B3006C3BBF /* Products */ = {
			isa = PBXGroup;
			children = (
				BAAADD4C28A9D7B3006C3BBF /* Circles.app */,
			);
			name = Products;
			sourceTree = "<group>";
		};
		BAAADD4E28A9D7B3006C3BBF /* Circles */ = {
			isa = PBXGroup;
			children = (
				BAAADD4F28A9D7B3006C3BBF /* AppDelegate.swift */,
				BAAADD5128A9D7B3006C3BBF /* SceneDelegate.swift */,
				BAAADD5528A9D7B3006C3BBF /* Main.storyboard */,
				BAAADD5828A9D7B9006C3BBF /* Assets.xcassets */,
				BAAADD5A28A9D7B9006C3BBF /* LaunchScreen.storyboard */,
				BAAADD5D28A9D7B9006C3BBF /* Info.plist */,
				BAAADD6328A9D8C6006C3BBF /* LoginViewController.swift */,
				BAAADD6528A9D8D3006C3BBF /* SignUpViewController.swift */,
				BAAADD6728A9D8DF006C3BBF /* DiscoverViewController.swift */,
				BAAADD6928A9D8F1006C3BBF /* ProfileViewController.swift */,
			);
			path = Circles;
			sourceTree = "<group>";
		};
/* End PBXGroup section */

/* Begin PBXNativeTarget section */
		BAAADD4B28A9D7B3006C3BBF /* Circles */ = {
			isa = PBXNativeTarget;
			buildConfigurationList = BAAADD6028A9D7B9006C3BBF /* Build configuration list for PBXNativeTarget "Circles" */;
			buildPhases = (
				FA0C789C7CAAB5C0A4BBA8C3 /* [CP] Check Pods Manifest.lock */,
				BAAADD4828A9D7B3006C3BBF /* Sources */,
				BAAADD4928A9D7B3006C3BBF /* Frameworks */,
				BAAADD4A28A9D7B3006C3BBF /* Resources */,
				150DC2C45CA3E5ED194198BA /* [CP] Embed Pods Frameworks */,
			);
			buildRules = (
			);
			dependencies = (
			);
			name = Circles;
			productName = Circles;
			productReference = BAAADD4C28A9D7B3006C3BBF /* Circles.app */;
			productType = "com.apple.product-type.application";
		};
/* End PBXNativeTarget section */

/* Begin PBXProject section */
		BAAADD4428A9D7B3006C3BBF /* Project object */ = {
			isa = PBXProject;
			attributes = {
				BuildIndependentTargetsInParallel = 1;
				LastSwiftUpdateCheck = 1320;
				LastUpgradeCheck = 1320;
				TargetAttributes = {
					BAAADD4B28A9D7B3006C3BBF = {
						CreatedOnToolsVersion = 13.2.1;
					};
				};
			};
			buildConfigurationList = BAAADD4728A9D7B3006C3BBF /* Build configuration list for PBXProject "Circles" */;
			compatibilityVersion = "Xcode 13.0";
			developmentRegion = en;
			hasScannedForEncodings = 0;
			knownRegions = (
				en,
				Base,
			);
			mainGroup = BAAADD4328A9D7B3006C3BBF;
			productRefGroup = BAAADD4D28A9D7B3006C3BBF /* Products */;
			projectDirPath = "";
			projectRoot = "";
			targets = (
				BAAADD4B28A9D7B3006C3BBF /* Circles */,
			);
		};
/* End PBXProject section */

/* Begin PBXResourcesBuildPhase section */
		BAAADD4A28A9D7B3006C3BBF /* Resources */ = {
			isa = PBXResourcesBuildPhase;
			buildActionMask = 2147483647;
			files = (
				BAAADD5C28A9D7B9006C3BBF /* LaunchScreen.storyboard in Resources */,
				BAAADD5928A9D7B9006C3BBF /* Assets.xcassets in Resources */,
				BAAADD5728A9D7B3006C3BBF /* Main.storyboard in Resources */,
			);
			runOnlyForDeploymentPostprocessing = 0;
		};
/* End PBXResourcesBuildPhase section */

/* Begin PBXShellScriptBuildPhase section */
		150DC2C45CA3E5ED194198BA /* [CP] Embed Pods Frameworks */ = {
			isa = PBXShellScriptBuildPhase;
			buildActionMask = 2147483647;
			files = (
			);
			inputFileListPaths = (
				"${PODS_ROOT}/Target Support Files/Pods-Circles/Pods-Circles-frameworks-${CONFIGURATION}-input-files.xcfilelist",
			);
			name = "[CP] Embed Pods Frameworks";
			outputFileListPaths = (
				"${PODS_ROOT}/Target Support Files/Pods-Circles/Pods-Circles-frameworks-${CONFIGURATION}-output-files.xcfilelist",
			);
			runOnlyForDeploymentPostprocessing = 0;
			shellPath = /bin/sh;
			shellScript = "\"${PODS_ROOT}/Target Support Files/Pods-Circles/Pods-Circles-frameworks.sh\"\n";
			showEnvVarsInLog = 0;
		};
		FA0C789C7CAAB5C0A4BBA8C3 /* [CP] Check Pods Manifest.lock */ = {
			isa = PBXShellScriptBuildPhase;
			buildActionMask = 2147483647;
			files = (
			);
			inputFileListPaths = (
			);
			inputPaths = (
				"${PODS_PODFILE_DIR_PATH}/Podfile.lock",
				"${PODS_ROOT}/Manifest.lock",
			);
			name = "[CP] Check Pods Manifest.lock";
			outputFileListPaths = (
			);
			outputPaths = (
				"$(DERIVED_FILE_DIR)/Pods-Circles-checkManifestLockResult.txt",
			);
			runOnlyForDeploymentPostprocessing = 0;
			shellPath = /bin/sh;
			shellScript = "diff \"${PODS_PODFILE_DIR_PATH}/Podfile.lock\" \"${PODS_ROOT}/Manifest.lock\" > /dev/null\nif [ $? != 0 ] ; then\n    # print error to STDERR\n    echo \"error: The sandbox is not in sync with the Podfile.lock. Run 'pod install' or update your CocoaPods installation.\" >&2\n    exit 1\nfi\n# This output is used by Xcode 'outputs' to avoid re-running this script phase.\necho \"SUCCESS\" > \"${SCRIPT_OUTPUT_FILE_0}\"\n";
			showEnvVarsInLog = 0;
		};
/* End PBXShellScriptBuildPhase section */

/* Begin PBXSourcesBuildPhase section */
		BAAADD4828A9D7B3006C3BBF /* Sources */ = {
			isa = PBXSourcesBuildPhase;
			buildActionMask = 2147483647;
			files = (
				BAAADD6A28A9D8F1006C3BBF /* ProfileViewController.swift in Sources */,
				BAAADD6428A9D8C6006C3BBF /* LoginViewController.swift in Sources */,
				BAAADD5028A9D7B3006C3BBF /* AppDelegate.swift in Sources */,
				BAAADD6628A9D8D3006C3BBF /* SignUpViewController.swift in Sources */,
				BAAADD5228A9D7B3006C3BBF /* SceneDelegate.swift in Sources */,
				BAAADD6828A9D8DF006C3BBF /* DiscoverViewController.swift in Sources */,
			);
			runOnlyForDeploymentPostprocessing = 0;
		};
/* End PBXSourcesBuildPhase section */

/* Begin PBXVariantGroup section */
		BAAADD5528A9D7B3006C3BBF /* Main.storyboard */ = {
			isa = PBXVariantGroup;
			children = (
				BAAADD5628A9D7B3006C3BBF /* Base */,
			);
			name = Main.storyboard;
			sourceTree = "<group>";
		};
		BAAADD5A28A9D7B9006C3BBF /* LaunchScreen.storyboard */ = {
			isa = PBXVariantGroup;
			children = (
				BAAADD5B28A9D7B9006C3BBF /* Base */,
			);
			name = LaunchScreen.storyboard;
			sourceTree = "<group>";
		};
/* End PBXVariantGroup section */

/* Begin XCBuildConfiguration section */
		BAAADD5E28A9D7B9006C3BBF /* Debug */ = {
			isa = XCBuildConfiguration;
			buildSettings = {
				ALWAYS_SEARCH_USER_PATHS = NO;
				CLANG_ANALYZER_NONNULL = YES;
				CLANG_ANALYZER_NUMBER_OBJECT_CONVERSION = YES_AGGRESSIVE;
				CLANG_CXX_LANGUAGE_STANDARD = "gnu++17";
				CLANG_CXX_LIBRARY = "libc++";
				CLANG_ENABLE_MODULES = YES;
				CLANG_ENABLE_OBJC_ARC = YES;
				CLANG_ENABLE_OBJC_WEAK = YES;
				CLANG_WARN_BLOCK_CAPTURE_AUTORELEASING = YES;
				CLANG_WARN_BOOL_CONVERSION = YES;
				CLANG_WARN_COMMA = YES;
				CLANG_WARN_CONSTANT_CONVERSION = YES;
				CLANG_WARN_DEPRECATED_OBJC_IMPLEMENTATIONS = YES;
				CLANG_WARN_DIRECT_OBJC_ISA_USAGE = YES_ERROR;
				CLANG_WARN_DOCUMENTATION_COMMENTS = YES;
				CLANG_WARN_EMPTY_BODY = YES;
				CLANG_WARN_ENUM_CONVERSION = YES;
				CLANG_WARN_INFINITE_RECURSION = YES;
				CLANG_WARN_INT_CONVERSION = YES;
				CLANG_WARN_NON_LITERAL_NULL_CONVERSION = YES;
				CLANG_WARN_OBJC_IMPLICIT_RETAIN_SELF = YES;
				CLANG_WARN_OBJC_LITERAL_CONVERSION = YES;
				CLANG_WARN_OBJC_ROOT_CLASS = YES_ERROR;
				CLANG_WARN_QUOTED_INCLUDE_IN_FRAMEWORK_HEADER = YES;
				CLANG_WARN_RANGE_LOOP_ANALYSIS = YES;
				CLANG_WARN_STRICT_PROTOTYPES = YES;
				CLANG_WARN_SUSPICIOUS_MOVE = YES;
				CLANG_WARN_UNGUARDED_AVAILABILITY = YES_AGGRESSIVE;
				CLANG_WARN_UNREACHABLE_CODE = YES;
				CLANG_WARN__DUPLICATE_METHOD_MATCH = YES;
				COPY_PHASE_STRIP = NO;
				DEBUG_INFORMATION_FORMAT = dwarf;
				ENABLE_STRICT_OBJC_MSGSEND = YES;
				ENABLE_TESTABILITY = YES;
				GCC_C_LANGUAGE_STANDARD = gnu11;
				GCC_DYNAMIC_NO_PIC = NO;
				GCC_NO_COMMON_BLOCKS = YES;
				GCC_OPTIMIZATION_LEVEL = 0;
				GCC_PREPROCESSOR_DEFINITIONS = (
					"DEBUG=1",
					"$(inherited)",
				);
				GCC_WARN_64_TO_32_BIT_CONVERSION = YES;
				GCC_WARN_ABOUT_RETURN_TYPE = YES_ERROR;
				GCC_WARN_UNDECLARED_SELECTOR = YES;
				GCC_WARN_UNINITIALIZED_AUTOS = YES_AGGRESSIVE;
				GCC_WARN_UNUSED_FUNCTION = YES;
				GCC_WARN_UNUSED_VARIABLE = YES;
				IPHONEOS_DEPLOYMENT_TARGET = 15.2;
				MTL_ENABLE_DEBUG_INFO = INCLUDE_SOURCE;
				MTL_FAST_MATH = YES;
				ONLY_ACTIVE_ARCH = YES;
				SDKROOT = iphoneos;
				SWIFT_ACTIVE_COMPILATION_CONDITIONS = DEBUG;
				SWIFT_OPTIMIZATION_LEVEL = "-Onone";
			};
			name = Debug;
		};
		BAAADD5F28A9D7B9006C3BBF /* Release */ = {
			isa = XCBuildConfiguration;
			buildSettings = {
				ALWAYS_SEARCH_USER_PATHS = NO;
				CLANG_ANALYZER_NONNULL = YES;
				CLANG_ANALYZER_NUMBER_OBJECT_CONVERSION = YES_AGGRESSIVE;
				CLANG_CXX_LANGUAGE_STANDARD = "gnu++17";
				CLANG_CXX_LIBRARY = "libc++";
				CLANG_ENABLE_MODULES = YES;
				CLANG_ENABLE_OBJC_ARC = YES;
				CLANG_ENABLE_OBJC_WEAK = YES;
				CLANG_WARN_BLOCK_CAPTURE_AUTORELEASING = YES;
				CLANG_WARN_BOOL_CONVERSION = YES;
				CLANG_WARN_COMMA = YES;
				CLANG_WARN_CONSTANT_CONVERSION = YES;
				CLANG_WARN_DEPRECATED_OBJC_IMPLEMENTATIONS = YES;
				CLANG_WARN_DIRECT_OBJC_ISA_USAGE = YES_ERROR;
				CLANG_WARN_DOCUMENTATION_COMMENTS = YES;
				CLANG_WARN_EMPTY_BODY = YES;
				CLANG_WARN_ENUM_CONVERSION = YES;
				CLANG_WARN_INFINITE_RECURSION = YES;
				CLANG_WARN_INT_CONVERSION = YES;
				CLANG_WARN_NON_LITERAL_NULL_CONVERSION = YES;
				CLANG_WARN_OBJC_IMPLICIT_RETAIN_SELF = YES;
				CLANG_WARN_OBJC_LITERAL_CONVERSION = YES;
				CLANG_WARN_OBJC_ROOT_CLASS = YES_ERROR;
				CLANG_WARN_QUOTED_INCLUDE_IN_FRAMEWORK_HEADER = YES;
				CLANG_WARN_RANGE_LOOP_ANALYSIS = YES;
				CLANG_WARN_STRICT_PROTOTYPES = YES;
				CLANG_WARN_SUSPICIOUS_MOVE = YES;
				CLANG_WARN_UNGUARDED_AVAILABILITY = YES_AGGRESSIVE;
				CLANG_WARN_UNREACHABLE_CODE = YES;
				CLANG_WARN__DUPLICATE_METHOD_MATCH = YES;
				COPY_PHASE_STRIP = NO;
				DEBUG_INFORMATION_FORMAT = "dwarf-with-dsym";
				ENABLE_NS_ASSERTIONS = NO;
				ENABLE_STRICT_OBJC_MSGSEND = YES;
				GCC_C_LANGUAGE_STANDARD = gnu11;
				GCC_NO_COMMON_BLOCKS = YES;
				GCC_WARN_64_TO_32_BIT_CONVERSION = YES;
				GCC_WARN_ABOUT_RETURN_TYPE = YES_ERROR;
				GCC_WARN_UNDECLARED_SELECTOR = YES;
				GCC_WARN_UNINITIALIZED_AUTOS = YES_AGGRESSIVE;
				GCC_WARN_UNUSED_FUNCTION = YES;
				GCC_WARN_UNUSED_VARIABLE = YES;
				IPHONEOS_DEPLOYMENT_TARGET = 15.2;
				MTL_ENABLE_DEBUG_INFO = NO;
				MTL_FAST_MATH = YES;
				SDKROOT = iphoneos;
				SWIFT_COMPILATION_MODE = wholemodule;
				SWIFT_OPTIMIZATION_LEVEL = "-O";
				VALIDATE_PRODUCT = YES;
			};
			name = Release;
		};
		BAAADD6128A9D7B9006C3BBF /* Debug */ = {
			isa = XCBuildConfiguration;
			baseConfigurationReference = 1A854B45E9EFD395E43E6413 /* Pods-Circles.debug.xcconfig */;
			buildSettings = {
				ASSETCATALOG_COMPILER_APPICON_NAME = AppIcon;
				ASSETCATALOG_COMPILER_GLOBAL_ACCENT_COLOR_NAME = AccentColor;
				CODE_SIGN_STYLE = Automatic;
				CURRENT_PROJECT_VERSION = 1;
				DEVELOPMENT_TEAM = 3RJ597MGVL;
				GENERATE_INFOPLIST_FILE = YES;
				INFOPLIST_FILE = Circles/Info.plist;
				INFOPLIST_KEY_UIApplicationSupportsIndirectInputEvents = YES;
				INFOPLIST_KEY_UILaunchStoryboardName = LaunchScreen;
				INFOPLIST_KEY_UIMainStoryboardFile = Main;
				INFOPLIST_KEY_UISupportedInterfaceOrientations_iPad = "UIInterfaceOrientationPortrait UIInterfaceOrientationPortraitUpsideDown UIInterfaceOrientationLandscapeLeft UIInterfaceOrientationLandscapeRight";
				INFOPLIST_KEY_UISupportedInterfaceOrientations_iPhone = "UIInterfaceOrientationPortrait UIInterfaceOrientationLandscapeLeft UIInterfaceOrientationLandscapeRight";
				LD_RUNPATH_SEARCH_PATHS = (
					"$(inherited)",
					"@executable_path/Frameworks",
				);
				MARKETING_VERSION = 1.0;
				PRODUCT_BUNDLE_IDENTIFIER = com.jennysun.Circles;
				PRODUCT_NAME = "$(TARGET_NAME)";
				SWIFT_EMIT_LOC_STRINGS = YES;
				SWIFT_VERSION = 5.0;
				TARGETED_DEVICE_FAMILY = "1,2";
			};
			name = Debug;
		};
		BAAADD6228A9D7B9006C3BBF /* Release */ = {
			isa = XCBuildConfiguration;
			baseConfigurationReference = 024881D511DD86A38A094949 /* Pods-Circles.release.xcconfig */;
			buildSettings = {
				ASSETCATALOG_COMPILER_APPICON_NAME = AppIcon;
				ASSETCATALOG_COMPILER_GLOBAL_ACCENT_COLOR_NAME = AccentColor;
				CODE_SIGN_STYLE = Automatic;
				CURRENT_PROJECT_VERSION = 1;
				DEVELOPMENT_TEAM = 3RJ597MGVL;
				GENERATE_INFOPLIST_FILE = YES;
				INFOPLIST_FILE = Circles/Info.plist;
				INFOPLIST_KEY_UIApplicationSupportsIndirectInputEvents = YES;
				INFOPLIST_KEY_UILaunchStoryboardName = LaunchScreen;
				INFOPLIST_KEY_UIMainStoryboardFile = Main;
				INFOPLIST_KEY_UISupportedInterfaceOrientations_iPad = "UIInterfaceOrientationPortrait UIInterfaceOrientationPortraitUpsideDown UIInterfaceOrientationLandscapeLeft UIInterfaceOrientationLandscapeRight";
				INFOPLIST_KEY_UISupportedInterfaceOrientations_iPhone = "UIInterfaceOrientationPortrait UIInterfaceOrientationLandscapeLeft UIInterfaceOrientationLandscapeRight";
				LD_RUNPATH_SEARCH_PATHS = (
					"$(inherited)",
					"@executable_path/Frameworks",
				);
				MARKETING_VERSION = 1.0;
				PRODUCT_BUNDLE_IDENTIFIER = com.jennysun.Circles;
				PRODUCT_NAME = "$(TARGET_NAME)";
				SWIFT_EMIT_LOC_STRINGS = YES;
				SWIFT_VERSION = 5.0;
				TARGETED_DEVICE_FAMILY = "1,2";
			};
			name = Release;
		};
/* End XCBuildConfiguration section */

/* Begin XCConfigurationList section */
		BAAADD4728A9D7B3006C3BBF /* Build configuration list for PBXProject "Circles" */ = {
			isa = XCConfigurationList;
			buildConfigurations = (
				BAAADD5E28A9D7B9006C3BBF /* Debug */,
				BAAADD5F28A9D7B9006C3BBF /* Release */,
			);
			defaultConfigurationIsVisible = 0;
			defaultConfigurationName = Release;
		};
		BAAADD6028A9D7B9006C3BBF /* Build configuration list for PBXNativeTarget "Circles" */ = {
			isa = XCConfigurationList;
			buildConfigurations = (
				BAAADD6128A9D7B9006C3BBF /* Debug */,
				BAAADD6228A9D7B9006C3BBF /* Release */,
			);
			defaultConfigurationIsVisible = 0;
			defaultConfigurationName = Release;
		};
/* End XCConfigurationList section */
	};
	rootObject = BAAADD4428A9D7B3006C3BBF /* Project object */;
}
